
Microsoft Visual Studio Solution File, Format Version 12.00
# Visual Studio Version 17
VisualStudioVersion = 17.9.34607.119
MinimumVisualStudioVersion = 10.0.40219.1
Project("{FAE04EC0-301F-11D3-BF4B-00C04F79EFBC}") = "GranblueBotConsole", "GranblueBotConsole\GranblueBotConsole.csproj", "{43C676FB-0CC7-468A-B1DE-20DDCC75172E}"
EndProject
Global
	GlobalSection(SolutionConfigurationPlatforms) = preSolution
		Debug|Any CPU = Debug|Any CPU
		Release|Any CPU = Release|Any CPU
	EndGlobalSection
	GlobalSection(ProjectConfigurationPlatforms) = postSolution
		{43C676FB-0CC7-468A-B1DE-20DDCC75172E}.Debug|Any CPU.ActiveCfg = Debug|Any CPU
		{43C676FB-0CC7-468A-B1DE-20DDCC75172E}.Debug|Any CPU.Build.0 = Debug|Any CPU
		{43C676FB-0CC7-468A-B1DE-20DDCC75172E}.Release|Any CPU.ActiveCfg = Release|Any CPU
		{43C676FB-0CC7-468A-B1DE-20DDCC75172E}.Release|Any CPU.Build.0 = Release|Any CPU
	EndGlobalSection
	GlobalSection(SolutionProperties) = preSolution
		HideSolutionNode = FALSE
	EndGlobalSection
	GlobalSection(ExtensibilityGlobals) = postSolution
		SolutionGuid = {4C54C8B2-3EA5-48E8-B285-A7D5222213FE}
	EndGlobalSection
EndGlobal
